
Microsoft Visual Studio Solution File, Format Version 12.00
# Visual Studio Version 17
VisualStudioVersion = 17.5.002.0
MinimumVisualStudioVersion = 10.0.40219.1
Project("{9A19103F-16F7-4668-BE54-9A1E7A4F7556}") = "01.plus_minus", "01.plus_minus.csproj", "{229437F4-9576-4B4C-AAAC-199E7B8B0BCE}"
EndProject
Global
	GlobalSection(SolutionConfigurationPlatforms) = preSolution
		Debug|Any CPU = Debug|Any CPU
		Release|Any CPU = Release|Any CPU
	EndGlobalSection
	GlobalSection(ProjectConfigurationPlatforms) = postSolution
		{229437F4-9576-4B4C-AAAC-199E7B8B0BCE}.Debug|Any CPU.ActiveCfg = Debug|Any CPU
		{229437F4-9576-4B4C-AAAC-199E7B8B0BCE}.Debug|Any CPU.Build.0 = Debug|Any CPU
		{229437F4-9576-4B4C-AAAC-199E7B8B0BCE}.Release|Any CPU.ActiveCfg = Release|Any CPU
		{229437F4-9576-4B4C-AAAC-199E7B8B0BCE}.Release|Any CPU.Build.0 = Release|Any CPU
	EndGlobalSection
	GlobalSection(SolutionProperties) = preSolution
		HideSolutionNode = FALSE
	EndGlobalSection
	GlobalSection(ExtensibilityGlobals) = postSolution
		SolutionGuid = {C0536298-9D7D-4F69-84C9-ABB00CA14D7E}
	EndGlobalSection
EndGlobal
